
Microsoft Visual Studio Solution File, Format Version 12.00
# Visual Studio Version 17
VisualStudioVersion = 17.8.34511.84
MinimumVisualStudioVersion = 10.0.40219.1
Project("{9A19103F-16F7-4668-BE54-9A1E7A4F7556}") = "ExtensionMethods", "ExtensionMethods\ExtensionMethods.csproj", "{4F0DA7F3-B797-46C3-A557-693D7DBA371F}"
EndProject
Project("{9A19103F-16F7-4668-BE54-9A1E7A4F7556}") = "EntityRepository", "EntityRepository\EntityRepository.csproj", "{D1C2FDF9-AEB6-4963-8FDD-BC3CDD305BE9}"
EndProject
Project("{2150E333-8FDC-42A3-9474-1A3956D46DE8}") = "Solution Items", "Solution Items", "{4D175A66-80CC-4D27-ABC8-91116D03B656}"
	ProjectSection(SolutionItems) = preProject
		.gitignore = .gitignore
		global.json = global.json
		LICENSE = LICENSE
		README.md = README.md
	EndProjectSection
EndProject
Project("{2150E333-8FDC-42A3-9474-1A3956D46DE8}") = "docs", "docs", "{3B345ABD-7D2E-443A-9D01-84664C4CD269}"
	ProjectSection(SolutionItems) = preProject
		Docs\sidekick.gif = Docs\sidekick.gif
	EndProjectSection
EndProject
Global
	GlobalSection(SolutionConfigurationPlatforms) = preSolution
		Debug|Any CPU = Debug|Any CPU
		Release|Any CPU = Release|Any CPU
	EndGlobalSection
	GlobalSection(ProjectConfigurationPlatforms) = postSolution
		{4F0DA7F3-B797-46C3-A557-693D7DBA371F}.Debug|Any CPU.ActiveCfg = Debug|Any CPU
		{4F0DA7F3-B797-46C3-A557-693D7DBA371F}.Debug|Any CPU.Build.0 = Debug|Any CPU
		{4F0DA7F3-B797-46C3-A557-693D7DBA371F}.Release|Any CPU.ActiveCfg = Release|Any CPU
		{4F0DA7F3-B797-46C3-A557-693D7DBA371F}.Release|Any CPU.Build.0 = Release|Any CPU
		{D1C2FDF9-AEB6-4963-8FDD-BC3CDD305BE9}.Debug|Any CPU.ActiveCfg = Debug|Any CPU
		{D1C2FDF9-AEB6-4963-8FDD-BC3CDD305BE9}.Debug|Any CPU.Build.0 = Debug|Any CPU
		{D1C2FDF9-AEB6-4963-8FDD-BC3CDD305BE9}.Release|Any CPU.ActiveCfg = Release|Any CPU
		{D1C2FDF9-AEB6-4963-8FDD-BC3CDD305BE9}.Release|Any CPU.Build.0 = Release|Any CPU
	EndGlobalSection
	GlobalSection(SolutionProperties) = preSolution
		HideSolutionNode = FALSE
	EndGlobalSection
	GlobalSection(NestedProjects) = preSolution
		{3B345ABD-7D2E-443A-9D01-84664C4CD269} = {4D175A66-80CC-4D27-ABC8-91116D03B656}
	EndGlobalSection
	GlobalSection(ExtensibilityGlobals) = postSolution
		SolutionGuid = {85D56564-5B95-45C1-91E9-E16F8A347988}
	EndGlobalSection
EndGlobal
